// !$*UTF8*$!
{
	archiveVersion = 1;
	classes = {
	};
	objectVersion = 46;
	objects = {

/* Begin PBXBuildFile section */
		272165EF1ED37D3C0064717A /* main.c in Sources */ = {isa = PBXBuildFile; fileRef = 272165EE1ED37D3C0064717A /* main.c */; };
		272165F71ED37D740064717A /* smc.c in Sources */ = {isa = PBXBuildFile; fileRef = 272165F51ED37D740064717A /* smc.c */; };
/* End PBXBuildFile section */

/* Begin PBXCopyFilesBuildPhase section */
		272165E91ED37D3C0064717A /* CopyFiles */ = {
			isa = PBXCopyFilesBuildPhase;
			buildActionMask = 2147483647;
			dstPath = /usr/share/man/man1/;
			dstSubfolderSpec = 0;
			files = (
			);
			runOnlyForDeploymentPostprocessing = 1;
		};
/* End PBXCopyFilesBuildPhase section */

/* Begin PBXFileReference section */
		272165EB1ED37D3C0064717A /* minimal_smc_temp */ = {isa = PBXFileReference; explicitFileType = "compiled.mach-o.executable"; includeInIndex = 0; path = minimal_smc_temp; sourceTree = BUILT_PRODUCTS_DIR; };
		272165EE1ED37D3C0064717A /* main.c */ = {isa = PBXFileReference; indentWidth = 4; lastKnownFileType = sourcecode.c.c; path = main.c; sourceTree = "<group>"; tabWidth = 4; usesTabs = 1; };
		272165F51ED37D740064717A /* smc.c */ = {isa = PBXFileReference; fileEncoding = 4; indentWidth = 4; lastKnownFileType = sourcecode.c.c; path = smc.c; sourceTree = "<group>"; tabWidth = 4; usesTabs = 1; };
		272165F61ED37D740064717A /* smc.h */ = {isa = PBXFileReference; fileEncoding = 4; lastKnownFileType = sourcecode.c.h; path = smc.h; sourceTree = "<group>"; };
/* End PBXFileReference section */

/* Begin PBXFrameworksBuildPhase section */
		272165E81ED37D3C0064717A /* Frameworks */ = {
			isa = PBXFrameworksBuildPhase;
			buildActionMask = 2147483647;
			files = (
			);
			runOnlyForDeploymentPostprocessing = 0;
		};
/* End PBXFrameworksBuildPhase section */

/* Begin PBXGroup section */
		272165E21ED37D3C0064717A = {
			isa = PBXGroup;
			children = (
				272165ED1ED37D3C0064717A /* minimal_smc_temp */,
				272165EC1ED37D3C0064717A /* Products */,
			);
			sourceTree = "<group>";
		};
		272165EC1ED37D3C0064717A /* Products */ = {
			isa = PBXGroup;
			children = (
				272165EB1ED37D3C0064717A /* minimal_smc_temp */,
			);
			name = Products;
			sourceTree = "<group>";
		};
		272165ED1ED37D3C0064717A /* minimal_smc_temp */ = {
			isa = PBXGroup;
			children = (
				272165F61ED37D740064717A /* smc.h */,
				272165F51ED37D740064717A /* smc.c */,
				272165EE1ED37D3C0064717A /* main.c */,
			);
			path = minimal_smc_temp;
			sourceTree = "<group>";
		};
/* End PBXGroup section */

/* Begin PBXNativeTarget section */
		272165EA1ED37D3C0064717A /* minimal_smc_temp */ = {
			isa = PBXNativeTarget;
			buildConfigurationList = 272165F21ED37D3C0064717A /* Build configuration list for PBXNativeTarget "minimal_smc_temp" */;
			buildPhases = (
				272165E71ED37D3C0064717A /* Sources */,
				272165E81ED37D3C0064717A /* Frameworks */,
				272165E91ED37D3C0064717A /* CopyFiles */,
			);
			buildRules = (
			);
			dependencies = (
			);
			name = minimal_smc_temp;
			productName = temp;
			productReference = 272165EB1ED37D3C0064717A /* minimal_smc_temp */;
			productType = "com.apple.product-type.tool";
		};
/* End PBXNativeTarget section */

/* Begin PBXProject section */
		272165E31ED37D3C0064717A /* Project object */ = {
			isa = PBXProject;
			attributes = {
				LastUpgradeCheck = 0730;
				ORGANIZATIONNAME = renegade;
				TargetAttributes = {
					272165EA1ED37D3C0064717A = {
						CreatedOnToolsVersion = 7.3.1;
					};
				};
			};
			buildConfigurationList = 272165E61ED37D3C0064717A /* Build configuration list for PBXProject "minimal_smc_temp" */;
			compatibilityVersion = "Xcode 3.2";
			developmentRegion = English;
			hasScannedForEncodings = 0;
			knownRegions = (
				en,
			);
			mainGroup = 272165E21ED37D3C0064717A;
			productRefGroup = 272165EC1ED37D3C0064717A /* Products */;
			projectDirPath = "";
			projectRoot = "";
			targets = (
				272165EA1ED37D3C0064717A /* minimal_smc_temp */,
			);
		};
/* End PBXProject section */

/* Begin PBXSourcesBuildPhase section */
		272165E71ED37D3C0064717A /* Sources */ = {
			isa = PBXSourcesBuildPhase;
			buildActionMask = 2147483647;
			files = (
				272165EF1ED37D3C0064717A /* main.c in Sources */,
				272165F71ED37D740064717A /* smc.c in Sources */,
			);
			runOnlyForDeploymentPostprocessing = 0;
		};
/* End PBXSourcesBuildPhase section */

/* Begin XCBuildConfiguration section */
		272165F01ED37D3C0064717A /* Debug */ = {
			isa = XCBuildConfiguration;
			buildSettings = {
				ALWAYS_SEARCH_USER_PATHS = NO;
				CLANG_ANALYZER_NONNULL = YES;
				CLANG_CXX_LANGUAGE_STANDARD = "gnu++0x";
				CLANG_CXX_LIBRARY = "libc++";
				CLANG_ENABLE_MODULES = YES;
				CLANG_ENABLE_OBJC_ARC = YES;
				CLANG_WARN_BOOL_CONVERSION = YES;
				CLANG_WARN_CONSTANT_CONVERSION = YES;
				CLANG_WARN_DIRECT_OBJC_ISA_USAGE = YES_ERROR;
				CLANG_WARN_EMPTY_BODY = YES;
				CLANG_WARN_ENUM_CONVERSION = YES;
				CLANG_WARN_INT_CONVERSION = YES;
				CLANG_WARN_OBJC_ROOT_CLASS = YES_ERROR;
				CLANG_WARN_UNREACHABLE_CODE = YES;
				CLANG_WARN__DUPLICATE_METHOD_MATCH = YES;
				CODE_SIGN_IDENTITY = "-";
				COPY_PHASE_STRIP = NO;
				DEBUG_INFORMATION_FORMAT = dwarf;
				ENABLE_STRICT_OBJC_MSGSEND = YES;
				ENABLE_TESTABILITY = YES;
				GCC_C_LANGUAGE_STANDARD = gnu99;
				GCC_DYNAMIC_NO_PIC = NO;
				GCC_NO_COMMON_BLOCKS = YES;
				GCC_OPTIMIZATION_LEVEL = 0;
				GCC_PREPROCESSOR_DEFINITIONS = (
					"DEBUG=1",
					"$(inherited)",
				);
				GCC_WARN_64_TO_32_BIT_CONVERSION = YES;
				GCC_WARN_ABOUT_RETURN_TYPE = YES_ERROR;
				GCC_WARN_UNDECLARED_SELECTOR = YES;
				GCC_WARN_UNINITIALIZED_AUTOS = YES_AGGRESSIVE;
				GCC_WARN_UNUSED_FUNCTION = YES;
				GCC_WARN_UNUSED_VARIABLE = YES;
				MACOSX_DEPLOYMENT_TARGET = 10.11;
				MTL_ENABLE_DEBUG_INFO = YES;
				ONLY_ACTIVE_ARCH = YES;
				SDKROOT = macosx;
			};
			name = Debug;
		};
		272165F11ED37D3C0064717A /* Release */ = {
			isa = XCBuildConfiguration;
			buildSettings = {
				ALWAYS_SEARCH_USER_PATHS = NO;
				CLANG_ANALYZER_NONNULL = YES;
				CLANG_CXX_LANGUAGE_STANDARD = "gnu++0x";
				CLANG_CXX_LIBRARY = "libc++";
				CLANG_ENABLE_MODULES = YES;
				CLANG_ENABLE_OBJC_ARC = YES;
				CLANG_WARN_BOOL_CONVERSION = YES;
				CLANG_WARN_CONSTANT_CONVERSION = YES;
				CLANG_WARN_DIRECT_OBJC_ISA_USAGE = YES_ERROR;
				CLANG_WARN_EMPTY_BODY = YES;
				CLANG_WARN_ENUM_CONVERSION = YES;
				CLANG_WARN_INT_CONVERSION = YES;
				CLANG_WARN_OBJC_ROOT_CLASS = YES_ERROR;
				CLANG_WARN_UNREACHABLE_CODE = YES;
				CLANG_WARN__DUPLICATE_METHOD_MATCH = YES;
				CODE_SIGN_IDENTITY = "-";
				COPY_PHASE_STRIP = NO;
				DEBUG_INFORMATION_FORMAT = "dwarf-with-dsym";
				ENABLE_NS_ASSERTIONS = NO;
				ENABLE_STRICT_OBJC_MSGSEND = YES;
				GCC_C_LANGUAGE_STANDARD = gnu99;
				GCC_NO_COMMON_BLOCKS = YES;
				GCC_WARN_64_TO_32_BIT_CONVERSION = YES;
				GCC_WARN_ABOUT_RETURN_TYPE = YES_ERROR;
				GCC_WARN_UNDECLARED_SELECTOR = YES;
				GCC_WARN_UNINITIALIZED_AUTOS = YES_AGGRESSIVE;
				GCC_WARN_UNUSED_FUNCTION = YES;
				GCC_WARN_UNUSED_VARIABLE = YES;
				MACOSX_DEPLOYMENT_TARGET = 10.11;
				MTL_ENABLE_DEBUG_INFO = NO;
				SDKROOT = macosx;
			};
			name = Release;
		};
		272165F31ED37D3C0064717A /* Debug */ = {
			isa = XCBuildConfiguration;
			buildSettings = {
				PRODUCT_NAME = "$(TARGET_NAME)";
			};
			name = Debug;
		};
		272165F41ED37D3C0064717A /* Release */ = {
			isa = XCBuildConfiguration;
			buildSettings = {
				PRODUCT_NAME = "$(TARGET_NAME)";
			};
			name = Release;
		};
/* End XCBuildConfiguration section */

/* Begin XCConfigurationList section */
		272165E61ED37D3C0064717A /* Build configuration list for PBXProject "minimal_smc_temp" */ = {
			isa = XCConfigurationList;
			buildConfigurations = (
				272165F01ED37D3C0064717A /* Debug */,
				272165F11ED37D3C0064717A /* Release */,
			);
			defaultConfigurationIsVisible = 0;
			defaultConfigurationName = Release;
		};
		272165F21ED37D3C0064717A /* Build configuration list for PBXNativeTarget "minimal_smc_temp" */ = {
			isa = XCConfigurationList;
			buildConfigurations = (
				272165F31ED37D3C0064717A /* Debug */,
				272165F41ED37D3C0064717A /* Release */,
			);
			defaultConfigurationIsVisible = 0;
			defaultConfigurationName = Release;
		};
/* End XCConfigurationList section */
	};
	rootObject = 272165E31ED37D3C0064717A /* Project object */;
}
